
Microsoft Visual Studio Solution File, Format Version 12.00
# Visual Studio Version 17
VisualStudioVersion = 17.5.33424.131
MinimumVisualStudioVersion = 10.0.40219.1
Project("{FAE04EC0-301F-11D3-BF4B-00C04F79EFBC}") = "Lab1dotNET", "Lab1dotNET.csproj", "{34F7528D-2F0D-4B1A-8EA6-C57A7F2ECFCA}"
EndProject
Global
	GlobalSection(SolutionConfigurationPlatforms) = preSolution
		Debug|Any CPU = Debug|Any CPU
		Release|Any CPU = Release|Any CPU
	EndGlobalSection
	GlobalSection(ProjectConfigurationPlatforms) = postSolution
		{34F7528D-2F0D-4B1A-8EA6-C57A7F2ECFCA}.Debug|Any CPU.ActiveCfg = Debug|Any CPU
		{34F7528D-2F0D-4B1A-8EA6-C57A7F2ECFCA}.Debug|Any CPU.Build.0 = Debug|Any CPU
		{34F7528D-2F0D-4B1A-8EA6-C57A7F2ECFCA}.Release|Any CPU.ActiveCfg = Release|Any CPU
		{34F7528D-2F0D-4B1A-8EA6-C57A7F2ECFCA}.Release|Any CPU.Build.0 = Release|Any CPU
	EndGlobalSection
	GlobalSection(SolutionProperties) = preSolution
		HideSolutionNode = FALSE
	EndGlobalSection
	GlobalSection(ExtensibilityGlobals) = postSolution
		SolutionGuid = {16C78562-99D3-4854-A075-DFCD9508EA2A}
	EndGlobalSection
EndGlobal
